version = 1
revision = 1
requires-python = ">=3.12"

[[package]]
name = "asgiref"
version = "3.9.1"
source = { registry = "https://pypi.org/simple" }
sdist = { url = "https://files.pythonhosted.org/packages/90/61/0aa957eec22ff70b830b22ff91f825e70e1ef732c06666a805730f28b36b/asgiref-3.9.1.tar.gz", hash = "sha256:a5ab6582236218e5ef1648f242fd9f10626cfd4de8dc377db215d5d5098e3142", size = 36870 }
wheels = [
    { url = "https://files.pythonhosted.org/packages/7c/3c/0464dcada90d5da0e71018c04a140ad6349558afb30b3051b4264cc5b965/asgiref-3.9.1-py3-none-any.whl", hash = "sha256:f3bba7092a48005b5f5bacd747d36ee4a5a61f4a269a6df590b43144355ebd2c", size = 23790 },
]

[[package]]
name = "colorama"
version = "0.4.6"
source = { registry = "https://pypi.org/simple" }
sdist = { url = "https://files.pythonhosted.org/packages/d8/53/6f443c9a4a8358a93a6792e2acffb9d9d5cb0a5cfd8802644b7b1c9a02e4/colorama-0.4.6.tar.gz", hash = "sha256:08695f5cb7ed6e0531a20572697297273c47b8cae5a63ffc6d6ed5c201be6e44", size = 27697 }
wheels = [
    { url = "https://files.pythonhosted.org/packages/d1/d6/3965ed04c63042e047cb6a3e6ed1a63a35087b6a609aa3a15ed8ac56c221/colorama-0.4.6-py2.py3-none-any.whl", hash = "sha256:4f1d9991f5acc0ca119f9d443620b77f9d6b33703e51011c16baf57afb285fc6", size = 25335 },
]

[[package]]
name = "coverage"
version = "7.9.2"
source = { registry = "https://pypi.org/simple" }
sdist = { url = "https://files.pythonhosted.org/packages/04/b7/c0465ca253df10a9e8dae0692a4ae6e9726d245390aaef92360e1d6d3832/coverage-7.9.2.tar.gz", hash = "sha256:997024fa51e3290264ffd7492ec97d0690293ccd2b45a6cd7d82d945a4a80c8b", size = 813556 }
wheels = [
    { url = "https://files.pythonhosted.org/packages/53/d7/7deefc6fd4f0f1d4c58051f4004e366afc9e7ab60217ac393f247a1de70a/coverage-7.9.2-cp312-cp312-macosx_10_13_x86_64.whl", hash = "sha256:ae9eb07f1cfacd9cfe8eaee6f4ff4b8a289a668c39c165cd0c8548484920ffc0", size = 212344 },
    { url = "https://files.pythonhosted.org/packages/95/0c/ee03c95d32be4d519e6a02e601267769ce2e9a91fc8faa1b540e3626c680/coverage-7.9.2-cp312-cp312-macosx_11_0_arm64.whl", hash = "sha256:9ce85551f9a1119f02adc46d3014b5ee3f765deac166acf20dbb851ceb79b6f3", size = 212580 },
    { url = "https://files.pythonhosted.org/packages/8b/9f/826fa4b544b27620086211b87a52ca67592622e1f3af9e0a62c87aea153a/coverage-7.9.2-cp312-cp312-manylinux_2_17_aarch64.manylinux2014_aarch64.whl", hash = "sha256:f8f6389ac977c5fb322e0e38885fbbf901743f79d47f50db706e7644dcdcb6e1", size = 246383 },
    { url = "https://files.pythonhosted.org/packages/7f/b3/4477aafe2a546427b58b9c540665feff874f4db651f4d3cb21b308b3a6d2/coverage-7.9.2-cp312-cp312-manylinux_2_5_i686.manylinux1_i686.manylinux_2_17_i686.manylinux2014_i686.whl", hash = "sha256:ff0d9eae8cdfcd58fe7893b88993723583a6ce4dfbfd9f29e001922544f95615", size = 243400 },
    { url = "https://files.pythonhosted.org/packages/f8/c2/efffa43778490c226d9d434827702f2dfbc8041d79101a795f11cbb2cf1e/coverage-7.9.2-cp312-cp312-manylinux_2_5_x86_64.manylinux1_x86_64.manylinux_2_17_x86_64.manylinux2014_x86_64.whl", hash = "sha256:fae939811e14e53ed8a9818dad51d434a41ee09df9305663735f2e2d2d7d959b", size = 245591 },
    { url = "https://files.pythonhosted.org/packages/c6/e7/a59888e882c9a5f0192d8627a30ae57910d5d449c80229b55e7643c078c4/coverage-7.9.2-cp312-cp312-musllinux_1_2_aarch64.whl", hash = "sha256:31991156251ec202c798501e0a42bbdf2169dcb0f137b1f5c0f4267f3fc68ef9", size = 245402 },
    { url = "https://files.pythonhosted.org/packages/92/a5/72fcd653ae3d214927edc100ce67440ed8a0a1e3576b8d5e6d066ed239db/coverage-7.9.2-cp312-cp312-musllinux_1_2_i686.whl", hash = "sha256:d0d67963f9cbfc7c7f96d4ac74ed60ecbebd2ea6eeb51887af0f8dce205e545f", size = 243583 },
    { url = "https://files.pythonhosted.org/packages/5c/f5/84e70e4df28f4a131d580d7d510aa1ffd95037293da66fd20d446090a13b/coverage-7.9.2-cp312-cp312-musllinux_1_2_x86_64.whl", hash = "sha256:49b752a2858b10580969ec6af6f090a9a440a64a301ac1528d7ca5f7ed497f4d", size = 244815 },
    { url = "https://files.pythonhosted.org/packages/39/e7/d73d7cbdbd09fdcf4642655ae843ad403d9cbda55d725721965f3580a314/coverage-7.9.2-cp312-cp312-win32.whl", hash = "sha256:88d7598b8ee130f32f8a43198ee02edd16d7f77692fa056cb779616bbea1b355", size = 214719 },
    { url = "https://files.pythonhosted.org/packages/9f/d6/7486dcc3474e2e6ad26a2af2db7e7c162ccd889c4c68fa14ea8ec189c9e9/coverage-7.9.2-cp312-cp312-win_amd64.whl", hash = "sha256:9dfb070f830739ee49d7c83e4941cc767e503e4394fdecb3b54bfdac1d7662c0", size = 215509 },
    { url = "https://files.pythonhosted.org/packages/b7/34/0439f1ae2593b0346164d907cdf96a529b40b7721a45fdcf8b03c95fcd90/coverage-7.9.2-cp312-cp312-win_arm64.whl", hash = "sha256:4e2c058aef613e79df00e86b6d42a641c877211384ce5bd07585ed7ba71ab31b", size = 213910 },
    { url = "https://files.pythonhosted.org/packages/94/9d/7a8edf7acbcaa5e5c489a646226bed9591ee1c5e6a84733c0140e9ce1ae1/coverage-7.9.2-cp313-cp313-macosx_10_13_x86_64.whl", hash = "sha256:985abe7f242e0d7bba228ab01070fde1d6c8fa12f142e43debe9ed1dde686038", size = 212367 },
    { url = "https://files.pythonhosted.org/packages/e8/9e/5cd6f130150712301f7e40fb5865c1bc27b97689ec57297e568d972eec3c/coverage-7.9.2-cp313-cp313-macosx_11_0_arm64.whl", hash = "sha256:82c3939264a76d44fde7f213924021ed31f55ef28111a19649fec90c0f109e6d", size = 212632 },
    { url = "https://files.pythonhosted.org/packages/a8/de/6287a2c2036f9fd991c61cefa8c64e57390e30c894ad3aa52fac4c1e14a8/coverage-7.9.2-cp313-cp313-manylinux_2_17_aarch64.manylinux2014_aarch64.whl", hash = "sha256:ae5d563e970dbe04382f736ec214ef48103d1b875967c89d83c6e3f21706d5b3", size = 245793 },
    { url = "https://files.pythonhosted.org/packages/06/cc/9b5a9961d8160e3cb0b558c71f8051fe08aa2dd4b502ee937225da564ed1/coverage-7.9.2-cp313-cp313-manylinux_2_5_i686.manylinux1_i686.manylinux_2_17_i686.manylinux2014_i686.whl", hash = "sha256:bdd612e59baed2a93c8843c9a7cb902260f181370f1d772f4842987535071d14", size = 243006 },
    { url = "https://files.pythonhosted.org/packages/49/d9/4616b787d9f597d6443f5588619c1c9f659e1f5fc9eebf63699eb6d34b78/coverage-7.9.2-cp313-cp313-manylinux_2_5_x86_64.manylinux1_x86_64.manylinux_2_17_x86_64.manylinux2014_x86_64.whl", hash = "sha256:256ea87cb2a1ed992bcdfc349d8042dcea1b80436f4ddf6e246d6bee4b5d73b6", size = 244990 },
    { url = "https://files.pythonhosted.org/packages/48/83/801cdc10f137b2d02b005a761661649ffa60eb173dcdaeb77f571e4dc192/coverage-7.9.2-cp313-cp313-musllinux_1_2_aarch64.whl", hash = "sha256:f44ae036b63c8ea432f610534a2668b0c3aee810e7037ab9d8ff6883de480f5b", size = 245157 },
    { url = "https://files.pythonhosted.org/packages/c8/a4/41911ed7e9d3ceb0ffb019e7635468df7499f5cc3edca5f7dfc078e9c5ec/coverage-7.9.2-cp313-cp313-musllinux_1_2_i686.whl", hash = "sha256:82d76ad87c932935417a19b10cfe7abb15fd3f923cfe47dbdaa74ef4e503752d", size = 243128 },
    { url = "https://files.pythonhosted.org/packages/10/41/344543b71d31ac9cb00a664d5d0c9ef134a0fe87cb7d8430003b20fa0b7d/coverage-7.9.2-cp313-cp313-musllinux_1_2_x86_64.whl", hash = "sha256:619317bb86de4193debc712b9e59d5cffd91dc1d178627ab2a77b9870deb2868", size = 244511 },
    { url = "https://files.pythonhosted.org/packages/d5/81/3b68c77e4812105e2a060f6946ba9e6f898ddcdc0d2bfc8b4b152a9ae522/coverage-7.9.2-cp313-cp313-win32.whl", hash = "sha256:0a07757de9feb1dfafd16ab651e0f628fd7ce551604d1bf23e47e1ddca93f08a", size = 214765 },
    { url = "https://files.pythonhosted.org/packages/06/a2/7fac400f6a346bb1a4004eb2a76fbff0e242cd48926a2ce37a22a6a1d917/coverage-7.9.2-cp313-cp313-win_amd64.whl", hash = "sha256:115db3d1f4d3f35f5bb021e270edd85011934ff97c8797216b62f461dd69374b", size = 215536 },
    { url = "https://files.pythonhosted.org/packages/08/47/2c6c215452b4f90d87017e61ea0fd9e0486bb734cb515e3de56e2c32075f/coverage-7.9.2-cp313-cp313-win_arm64.whl", hash = "sha256:48f82f889c80af8b2a7bb6e158d95a3fbec6a3453a1004d04e4f3b5945a02694", size = 213943 },
    { url = "https://files.pythonhosted.org/packages/a3/46/e211e942b22d6af5e0f323faa8a9bc7c447a1cf1923b64c47523f36ed488/coverage-7.9.2-cp313-cp313t-macosx_10_13_x86_64.whl", hash = "sha256:55a28954545f9d2f96870b40f6c3386a59ba8ed50caf2d949676dac3ecab99f5", size = 213088 },
    { url = "https://files.pythonhosted.org/packages/d2/2f/762551f97e124442eccd907bf8b0de54348635b8866a73567eb4e6417acf/coverage-7.9.2-cp313-cp313t-macosx_11_0_arm64.whl", hash = "sha256:cdef6504637731a63c133bb2e6f0f0214e2748495ec15fe42d1e219d1b133f0b", size = 213298 },
    { url = "https://files.pythonhosted.org/packages/7a/b7/76d2d132b7baf7360ed69be0bcab968f151fa31abe6d067f0384439d9edb/coverage-7.9.2-cp313-cp313t-manylinux_2_17_aarch64.manylinux2014_aarch64.whl", hash = "sha256:bcd5ebe66c7a97273d5d2ddd4ad0ed2e706b39630ed4b53e713d360626c3dbb3", size = 256541 },
    { url = "https://files.pythonhosted.org/packages/a0/17/392b219837d7ad47d8e5974ce5f8dc3deb9f99a53b3bd4d123602f960c81/coverage-7.9.2-cp313-cp313t-manylinux_2_5_i686.manylinux1_i686.manylinux_2_17_i686.manylinux2014_i686.whl", hash = "sha256:9303aed20872d7a3c9cb39c5d2b9bdbe44e3a9a1aecb52920f7e7495410dfab8", size = 252761 },
    { url = "https://files.pythonhosted.org/packages/d5/77/4256d3577fe1b0daa8d3836a1ebe68eaa07dd2cbaf20cf5ab1115d6949d4/coverage-7.9.2-cp313-cp313t-manylinux_2_5_x86_64.manylinux1_x86_64.manylinux_2_17_x86_64.manylinux2014_x86_64.whl", hash = "sha256:bc18ea9e417a04d1920a9a76fe9ebd2f43ca505b81994598482f938d5c315f46", size = 254917 },
    { url = "https://files.pythonhosted.org/packages/53/99/fc1a008eef1805e1ddb123cf17af864743354479ea5129a8f838c433cc2c/coverage-7.9.2-cp313-cp313t-musllinux_1_2_aarch64.whl", hash = "sha256:6406cff19880aaaadc932152242523e892faff224da29e241ce2fca329866584", size = 256147 },
    { url = "https://files.pythonhosted.org/packages/92/c0/f63bf667e18b7f88c2bdb3160870e277c4874ced87e21426128d70aa741f/coverage-7.9.2-cp313-cp313t-musllinux_1_2_i686.whl", hash = "sha256:2d0d4f6ecdf37fcc19c88fec3e2277d5dee740fb51ffdd69b9579b8c31e4232e", size = 254261 },
    { url = "https://files.pythonhosted.org/packages/8c/32/37dd1c42ce3016ff8ec9e4b607650d2e34845c0585d3518b2a93b4830c1a/coverage-7.9.2-cp313-cp313t-musllinux_1_2_x86_64.whl", hash = "sha256:c33624f50cf8de418ab2b4d6ca9eda96dc45b2c4231336bac91454520e8d1fac", size = 255099 },
    { url = "https://files.pythonhosted.org/packages/da/2e/af6b86f7c95441ce82f035b3affe1cd147f727bbd92f563be35e2d585683/coverage-7.9.2-cp313-cp313t-win32.whl", hash = "sha256:1df6b76e737c6a92210eebcb2390af59a141f9e9430210595251fbaf02d46926", size = 215440 },
    { url = "https://files.pythonhosted.org/packages/4d/bb/8a785d91b308867f6b2e36e41c569b367c00b70c17f54b13ac29bcd2d8c8/coverage-7.9.2-cp313-cp313t-win_amd64.whl", hash = "sha256:f5fd54310b92741ebe00d9c0d1d7b2b27463952c022da6d47c175d246a98d1bd", size = 216537 },
    { url = "https://files.pythonhosted.org/packages/1d/a0/a6bffb5e0f41a47279fd45a8f3155bf193f77990ae1c30f9c224b61cacb0/coverage-7.9.2-cp313-cp313t-win_arm64.whl", hash = "sha256:c48c2375287108c887ee87d13b4070a381c6537d30e8487b24ec721bf2a781cb", size = 214398 },
    { url = "https://files.pythonhosted.org/packages/3c/38/bbe2e63902847cf79036ecc75550d0698af31c91c7575352eb25190d0fb3/coverage-7.9.2-py3-none-any.whl", hash = "sha256:e425cd5b00f6fc0ed7cdbd766c70be8baab4b7839e4d4fe5fac48581dd968ea4", size = 204005 },
]

[[package]]
name = "django"
version = "5.2.4"
source = { registry = "https://pypi.org/simple" }
dependencies = [
    { name = "asgiref" },
    { name = "sqlparse" },
    { name = "tzdata", marker = "sys_platform == 'win32'" },
]
sdist = { url = "https://files.pythonhosted.org/packages/9c/7e/034f0f9fb10c029a02daaf44d364d6bf2eced8c73f0d38c69da359d26b01/django-5.2.4.tar.gz", hash = "sha256:a1228c384f8fa13eebc015196db7b3e08722c5058d4758d20cb287503a540d8f", size = 10831909 }
wheels = [
    { url = "https://files.pythonhosted.org/packages/14/ae/706965237a672434c8b520e89a818e8b047af94e9beb342d0bee405c26c7/django-5.2.4-py3-none-any.whl", hash = "sha256:60c35bd96201b10c6e7a78121bd0da51084733efa303cc19ead021ab179cef5e", size = 8302187 },
]

[[package]]
name = "django-debug-toolbar"
version = "5.2.0"
source = { registry = "https://pypi.org/simple" }
dependencies = [
    { name = "django" },
    { name = "sqlparse" },
]
sdist = { url = "https://files.pythonhosted.org/packages/2a/9f/97ba2648f66fa208fc7f19d6895586d08bc5f0ab930a1f41032e60f31a41/django_debug_toolbar-5.2.0.tar.gz", hash = "sha256:9e7f0145e1a1b7d78fcc3b53798686170a5b472d9cf085d88121ff823e900821", size = 297901 }
wheels = [
    { url = "https://files.pythonhosted.org/packages/fa/c2/ed3cb815002664349e9e50799b8c00ef15941f4cad797247cadbdeebab02/django_debug_toolbar-5.2.0-py3-none-any.whl", hash = "sha256:15627f4c2836a9099d795e271e38e8cf5204ccd79d5dbcd748f8a6c284dcd195", size = 262834 },
]

[[package]]
name = "django-stubs"
version = "5.2.2"
source = { registry = "https://pypi.org/simple" }
dependencies = [
    { name = "django" },
    { name = "django-stubs-ext" },
    { name = "types-pyyaml" },
    { name = "typing-extensions" },
]
sdist = { url = "https://files.pythonhosted.org/packages/bc/27/ab9813da817a29ae69ec92af31ad8fc58ce3c904f23ea604bd3bdd9adc37/django_stubs-5.2.2.tar.gz", hash = "sha256:2a04b510c7a812f88223fd7e6d87fb4ea98717f19c8e5c8b59691d83ad40a8a6", size = 243049 }
wheels = [
    { url = "https://files.pythonhosted.org/packages/55/cb/bb387a1d40691ad54fec2be9e5093becebd63cca0ccb9348cbb27602e1d1/django_stubs-5.2.2-py3-none-any.whl", hash = "sha256:79bd0fdbc78958a8f63e0b062bd9d03f1de539664476c0be62ade5f063c9e41e", size = 485188 },
]

[package.optional-dependencies]
compatible-mypy = [
    { name = "mypy" },
]

[[package]]
name = "django-stubs-ext"
version = "5.2.2"
source = { registry = "https://pypi.org/simple" }
dependencies = [
    { name = "django" },
    { name = "typing-extensions" },
]
sdist = { url = "https://files.pythonhosted.org/packages/fc/06/5e94715d103e6cc72380cb0d0b6682a7d5ad2c366cee478c94d77aad777d/django_stubs_ext-5.2.2.tar.gz", hash = "sha256:d9d151b919fe2438760f5bd938f03e1cb08c84d0651f9e5917f1313907e42683", size = 6244 }
wheels = [
    { url = "https://files.pythonhosted.org/packages/4e/38/2903676f97f7902ee31984a06756b0e8836e897f4b617e1a03be4a43eb4f/django_stubs_ext-5.2.2-py3-none-any.whl", hash = "sha256:8833bbe32405a2a0ce168d3f75a87168f61bd16939caf0e8bf173bccbd8a44c5", size = 8816 },
]

[[package]]
name = "factory-boy"
version = "3.3.3"
source = { registry = "https://pypi.org/simple" }
dependencies = [
    { name = "faker" },
]
sdist = { url = "https://files.pythonhosted.org/packages/ba/98/75cacae9945f67cfe323829fc2ac451f64517a8a330b572a06a323997065/factory_boy-3.3.3.tar.gz", hash = "sha256:866862d226128dfac7f2b4160287e899daf54f2612778327dd03d0e2cb1e3d03", size = 164146 }
wheels = [
    { url = "https://files.pythonhosted.org/packages/27/8d/2bc5f5546ff2ccb3f7de06742853483ab75bf74f36a92254702f8baecc79/factory_boy-3.3.3-py2.py3-none-any.whl", hash = "sha256:1c39e3289f7e667c4285433f305f8d506efc2fe9c73aaea4151ebd5cdea394fc", size = 37036 },
]

[[package]]
name = "faker"
version = "37.4.2"
source = { registry = "https://pypi.org/simple" }
dependencies = [
    { name = "tzdata" },
]
sdist = { url = "https://files.pythonhosted.org/packages/65/95/da573e055608e180086e2ac3208f8c15d8b44220912f565a9821b9bff33a/faker-37.4.2.tar.gz", hash = "sha256:8e281bbaea30e5658895b8bea21cc50d27aaf3a43db3f2694409ca5701c56b0a", size = 1902890 }
wheels = [
    { url = "https://files.pythonhosted.org/packages/26/1c/b909a055be556c11f13cf058cfa0e152f9754d803ff3694a937efe300709/faker-37.4.2-py3-none-any.whl", hash = "sha256:b70ed1af57bfe988cbcd0afd95f4768c51eaf4e1ce8a30962e127ac5c139c93f", size = 1943179 },
]

[[package]]
name = "iniconfig"
version = "2.1.0"
source = { registry = "https://pypi.org/simple" }
sdist = { url = "https://files.pythonhosted.org/packages/f2/97/ebf4da567aa6827c909642694d71c9fcf53e5b504f2d96afea02718862f3/iniconfig-2.1.0.tar.gz", hash = "sha256:3abbd2e30b36733fee78f9c7f7308f2d0050e88f0087fd25c2645f63c773e1c7", size = 4793 }
wheels = [
    { url = "https://files.pythonhosted.org/packages/2c/e1/e6716421ea10d38022b952c159d5161ca1193197fb744506875fbb87ea7b/iniconfig-2.1.0-py3-none-any.whl", hash = "sha256:9deba5723312380e77435581c6bf4935c94cbfab9b1ed33ef8d238ea168eb760", size = 6050 },
]

[[package]]
name = "music-stream"
version = "0.1.0"
source = { virtual = "." }
dependencies = [
    { name = "coverage" },
    { name = "django" },
    { name = "django-debug-toolbar" },
    { name = "django-stubs", extra = ["compatible-mypy"] },
    { name = "factory-boy" },
    { name = "faker" },
    { name = "mutagen" },
    { name = "pillow" },
    { name = "psycopg2" },
    { name = "pytest" },
    { name = "pytest-cov" },
    { name = "pytest-django" },
    { name = "pytest-mock" },
    { name = "python-dotenv" },
]

[package.metadata]
requires-dist = [
    { name = "coverage", specifier = ">=7.9.2" },
    { name = "django", specifier = ">=5.2.4" },
    { name = "django-debug-toolbar", specifier = ">=5.2.0" },
    { name = "django-stubs", extras = ["compatible-mypy"], specifier = ">=5.2.2" },
    { name = "factory-boy", specifier = ">=3.3.3" },
    { name = "faker", specifier = ">=37.4.2" },
    { name = "mutagen", specifier = ">=1.47.0" },
    { name = "pillow", specifier = ">=11.3.0" },
    { name = "psycopg2", specifier = ">=2.9.10" },
    { name = "pytest", specifier = ">=8.4.1" },
    { name = "pytest-cov", specifier = ">=6.2.1" },
    { name = "pytest-django", specifier = ">=4.11.1" },
    { name = "pytest-mock", specifier = ">=3.14.1" },
    { name = "python-dotenv", specifier = ">=1.1.1" },
]

[[package]]
name = "mutagen"
version = "1.47.0"
source = { registry = "https://pypi.org/simple" }
sdist = { url = "https://files.pythonhosted.org/packages/81/e6/64bc71b74eef4b68e61eb921dcf72dabd9e4ec4af1e11891bbd312ccbb77/mutagen-1.47.0.tar.gz", hash = "sha256:719fadef0a978c31b4cf3c956261b3c58b6948b32023078a2117b1de09f0fc99", size = 1274186 }
wheels = [
    { url = "https://files.pythonhosted.org/packages/b0/7a/620f945b96be1f6ee357d211d5bf74ab1b7fe72a9f1525aafbfe3aee6875/mutagen-1.47.0-py3-none-any.whl", hash = "sha256:edd96f50c5907a9539d8e5bba7245f62c9f520aef333d13392a79a4f70aca719", size = 194391 },
]

[[package]]
name = "mypy"
version = "1.17.0"
source = { registry = "https://pypi.org/simple" }
dependencies = [
    { name = "mypy-extensions" },
    { name = "pathspec" },
    { name = "typing-extensions" },
]
sdist = { url = "https://files.pythonhosted.org/packages/1e/e3/034322d5a779685218ed69286c32faa505247f1f096251ef66c8fd203b08/mypy-1.17.0.tar.gz", hash = "sha256:e5d7ccc08ba089c06e2f5629c660388ef1fee708444f1dee0b9203fa031dee03", size = 3352114 }
wheels = [
    { url = "https://files.pythonhosted.org/packages/12/e9/e6824ed620bbf51d3bf4d6cbbe4953e83eaf31a448d1b3cfb3620ccb641c/mypy-1.17.0-cp312-cp312-macosx_10_13_x86_64.whl", hash = "sha256:f986f1cab8dbec39ba6e0eaa42d4d3ac6686516a5d3dccd64be095db05ebc6bb", size = 11086395 },
    { url = "https://files.pythonhosted.org/packages/ba/51/a4afd1ae279707953be175d303f04a5a7bd7e28dc62463ad29c1c857927e/mypy-1.17.0-cp312-cp312-macosx_11_0_arm64.whl", hash = "sha256:51e455a54d199dd6e931cd7ea987d061c2afbaf0960f7f66deef47c90d1b304d", size = 10120052 },
    { url = "https://files.pythonhosted.org/packages/8a/71/19adfeac926ba8205f1d1466d0d360d07b46486bf64360c54cb5a2bd86a8/mypy-1.17.0-cp312-cp312-manylinux2014_aarch64.manylinux_2_17_aarch64.manylinux_2_28_aarch64.whl", hash = "sha256:3204d773bab5ff4ebbd1f8efa11b498027cd57017c003ae970f310e5b96be8d8", size = 11861806 },
    { url = "https://files.pythonhosted.org/packages/0b/64/d6120eca3835baf7179e6797a0b61d6c47e0bc2324b1f6819d8428d5b9ba/mypy-1.17.0-cp312-cp312-manylinux2014_x86_64.manylinux_2_17_x86_64.manylinux_2_28_x86_64.whl", hash = "sha256:1051df7ec0886fa246a530ae917c473491e9a0ba6938cfd0ec2abc1076495c3e", size = 12744371 },
    { url = "https://files.pythonhosted.org/packages/1f/dc/56f53b5255a166f5bd0f137eed960e5065f2744509dfe69474ff0ba772a5/mypy-1.17.0-cp312-cp312-musllinux_1_2_x86_64.whl", hash = "sha256:f773c6d14dcc108a5b141b4456b0871df638eb411a89cd1c0c001fc4a9d08fc8", size = 12914558 },
    { url = "https://files.pythonhosted.org/packages/69/ac/070bad311171badc9add2910e7f89271695a25c136de24bbafc7eded56d5/mypy-1.17.0-cp312-cp312-win_amd64.whl", hash = "sha256:1619a485fd0e9c959b943c7b519ed26b712de3002d7de43154a489a2d0fd817d", size = 9585447 },
    { url = "https://files.pythonhosted.org/packages/be/7b/5f8ab461369b9e62157072156935cec9d272196556bdc7c2ff5f4c7c0f9b/mypy-1.17.0-cp313-cp313-macosx_10_13_x86_64.whl", hash = "sha256:2c41aa59211e49d717d92b3bb1238c06d387c9325d3122085113c79118bebb06", size = 11070019 },
    { url = "https://files.pythonhosted.org/packages/9c/f8/c49c9e5a2ac0badcc54beb24e774d2499748302c9568f7f09e8730e953fa/mypy-1.17.0-cp313-cp313-macosx_11_0_arm64.whl", hash = "sha256:0e69db1fb65b3114f98c753e3930a00514f5b68794ba80590eb02090d54a5d4a", size = 10114457 },
    { url = "https://files.pythonhosted.org/packages/89/0c/fb3f9c939ad9beed3e328008b3fb90b20fda2cddc0f7e4c20dbefefc3b33/mypy-1.17.0-cp313-cp313-manylinux2014_aarch64.manylinux_2_17_aarch64.manylinux_2_28_aarch64.whl", hash = "sha256:03ba330b76710f83d6ac500053f7727270b6b8553b0423348ffb3af6f2f7b889", size = 11857838 },
    { url = "https://files.pythonhosted.org/packages/4c/66/85607ab5137d65e4f54d9797b77d5a038ef34f714929cf8ad30b03f628df/mypy-1.17.0-cp313-cp313-manylinux2014_x86_64.manylinux_2_17_x86_64.manylinux_2_28_x86_64.whl", hash = "sha256:037bc0f0b124ce46bfde955c647f3e395c6174476a968c0f22c95a8d2f589bba", size = 12731358 },
    { url = "https://files.pythonhosted.org/packages/73/d0/341dbbfb35ce53d01f8f2969facbb66486cee9804048bf6c01b048127501/mypy-1.17.0-cp313-cp313-musllinux_1_2_x86_64.whl", hash = "sha256:c38876106cb6132259683632b287238858bd58de267d80defb6f418e9ee50658", size = 12917480 },
    { url = "https://files.pythonhosted.org/packages/64/63/70c8b7dbfc520089ac48d01367a97e8acd734f65bd07813081f508a8c94c/mypy-1.17.0-cp313-cp313-win_amd64.whl", hash = "sha256:d30ba01c0f151998f367506fab31c2ac4527e6a7b2690107c7a7f9e3cb419a9c", size = 9589666 },
    { url = "https://files.pythonhosted.org/packages/e3/fc/ee058cc4316f219078464555873e99d170bde1d9569abd833300dbeb484a/mypy-1.17.0-py3-none-any.whl", hash = "sha256:15d9d0018237ab058e5de3d8fce61b6fa72cc59cc78fd91f1b474bce12abf496", size = 2283195 },
]

[[package]]
name = "mypy-extensions"
version = "1.1.0"
source = { registry = "https://pypi.org/simple" }
sdist = { url = "https://files.pythonhosted.org/packages/a2/6e/371856a3fb9d31ca8dac321cda606860fa4548858c0cc45d9d1d4ca2628b/mypy_extensions-1.1.0.tar.gz", hash = "sha256:52e68efc3284861e772bbcd66823fde5ae21fd2fdb51c62a211403730b916558", size = 6343 }
wheels = [
    { url = "https://files.pythonhosted.org/packages/79/7b/2c79738432f5c924bef5071f933bcc9efd0473bac3b4aa584a6f7c1c8df8/mypy_extensions-1.1.0-py3-none-any.whl", hash = "sha256:1be4cccdb0f2482337c4743e60421de3a356cd97508abadd57d47403e94f5505", size = 4963 },
]

[[package]]
name = "packaging"
version = "25.0"
source = { registry = "https://pypi.org/simple" }
sdist = { url = "https://files.pythonhosted.org/packages/a1/d4/1fc4078c65507b51b96ca8f8c3ba19e6a61c8253c72794544580a7b6c24d/packaging-25.0.tar.gz", hash = "sha256:d443872c98d677bf60f6a1f2f8c1cb748e8fe762d2bf9d3148b5599295b0fc4f", size = 165727 }
wheels = [
    { url = "https://files.pythonhosted.org/packages/20/12/38679034af332785aac8774540895e234f4d07f7545804097de4b666afd8/packaging-25.0-py3-none-any.whl", hash = "sha256:29572ef2b1f17581046b3a2227d5c611fb25ec70ca1ba8554b24b0e69331a484", size = 66469 },
]

[[package]]
name = "pathspec"
version = "0.12.1"
source = { registry = "https://pypi.org/simple" }
sdist = { url = "https://files.pythonhosted.org/packages/ca/bc/f35b8446f4531a7cb215605d100cd88b7ac6f44ab3fc94870c120ab3adbf/pathspec-0.12.1.tar.gz", hash = "sha256:a482d51503a1ab33b1c67a6c3813a26953dbdc71c31dacaef9a838c4e29f5712", size = 51043 }
wheels = [
    { url = "https://files.pythonhosted.org/packages/cc/20/ff623b09d963f88bfde16306a54e12ee5ea43e9b597108672ff3a408aad6/pathspec-0.12.1-py3-none-any.whl", hash = "sha256:a0d503e138a4c123b27490a4f7beda6a01c6f288df0e4a8b79c7eb0dc7b4cc08", size = 31191 },
]

[[package]]
name = "pillow"
version = "11.3.0"
source = { registry = "https://pypi.org/simple" }
sdist = { url = "https://files.pythonhosted.org/packages/f3/0d/d0d6dea55cd152ce3d6767bb38a8fc10e33796ba4ba210cbab9354b6d238/pillow-11.3.0.tar.gz", hash = "sha256:3828ee7586cd0b2091b6209e5ad53e20d0649bbe87164a459d0676e035e8f523", size = 47113069 }
wheels = [
    { url = "https://files.pythonhosted.org/packages/40/fe/1bc9b3ee13f68487a99ac9529968035cca2f0a51ec36892060edcc51d06a/pillow-11.3.0-cp312-cp312-macosx_10_13_x86_64.whl", hash = "sha256:fdae223722da47b024b867c1ea0be64e0df702c5e0a60e27daad39bf960dd1e4", size = 5278800 },
    { url = "https://files.pythonhosted.org/packages/2c/32/7e2ac19b5713657384cec55f89065fb306b06af008cfd87e572035b27119/pillow-11.3.0-cp312-cp312-macosx_11_0_arm64.whl", hash = "sha256:921bd305b10e82b4d1f5e802b6850677f965d8394203d182f078873851dada69", size = 4686296 },
    { url = "https://files.pythonhosted.org/packages/8e/1e/b9e12bbe6e4c2220effebc09ea0923a07a6da1e1f1bfbc8d7d29a01ce32b/pillow-11.3.0-cp312-cp312-manylinux2014_aarch64.manylinux_2_17_aarch64.whl", hash = "sha256:eb76541cba2f958032d79d143b98a3a6b3ea87f0959bbe256c0b5e416599fd5d", size = 5871726 },
    { url = "https://files.pythonhosted.org/packages/8d/33/e9200d2bd7ba00dc3ddb78df1198a6e80d7669cce6c2bdbeb2530a74ec58/pillow-11.3.0-cp312-cp312-manylinux2014_x86_64.manylinux_2_17_x86_64.whl", hash = "sha256:67172f2944ebba3d4a7b54f2e95c786a3a50c21b88456329314caaa28cda70f6", size = 7644652 },
    { url = "https://files.pythonhosted.org/packages/41/f1/6f2427a26fc683e00d985bc391bdd76d8dd4e92fac33d841127eb8fb2313/pillow-11.3.0-cp312-cp312-manylinux_2_27_aarch64.manylinux_2_28_aarch64.whl", hash = "sha256:97f07ed9f56a3b9b5f49d3661dc9607484e85c67e27f3e8be2c7d28ca032fec7", size = 5977787 },
    { url = "https://files.pythonhosted.org/packages/e4/c9/06dd4a38974e24f932ff5f98ea3c546ce3f8c995d3f0985f8e5ba48bba19/pillow-11.3.0-cp312-cp312-manylinux_2_27_x86_64.manylinux_2_28_x86_64.whl", hash = "sha256:676b2815362456b5b3216b4fd5bd89d362100dc6f4945154ff172e206a22c024", size = 6645236 },
    { url = "https://files.pythonhosted.org/packages/40/e7/848f69fb79843b3d91241bad658e9c14f39a32f71a301bcd1d139416d1be/pillow-11.3.0-cp312-cp312-musllinux_1_2_aarch64.whl", hash = "sha256:3e184b2f26ff146363dd07bde8b711833d7b0202e27d13540bfe2e35a323a809", size = 6086950 },
    { url = "https://files.pythonhosted.org/packages/0b/1a/7cff92e695a2a29ac1958c2a0fe4c0b2393b60aac13b04a4fe2735cad52d/pillow-11.3.0-cp312-cp312-musllinux_1_2_x86_64.whl", hash = "sha256:6be31e3fc9a621e071bc17bb7de63b85cbe0bfae91bb0363c893cbe67247780d", size = 6723358 },
    { url = "https://files.pythonhosted.org/packages/26/7d/73699ad77895f69edff76b0f332acc3d497f22f5d75e5360f78cbcaff248/pillow-11.3.0-cp312-cp312-win32.whl", hash = "sha256:7b161756381f0918e05e7cb8a371fff367e807770f8fe92ecb20d905d0e1c149", size = 6275079 },
    { url = "https://files.pythonhosted.org/packages/8c/ce/e7dfc873bdd9828f3b6e5c2bbb74e47a98ec23cc5c74fc4e54462f0d9204/pillow-11.3.0-cp312-cp312-win_amd64.whl", hash = "sha256:a6444696fce635783440b7f7a9fc24b3ad10a9ea3f0ab66c5905be1c19ccf17d", size = 6986324 },
    { url = "https://files.pythonhosted.org/packages/16/8f/b13447d1bf0b1f7467ce7d86f6e6edf66c0ad7cf44cf5c87a37f9bed9936/pillow-11.3.0-cp312-cp312-win_arm64.whl", hash = "sha256:2aceea54f957dd4448264f9bf40875da0415c83eb85f55069d89c0ed436e3542", size = 2423067 },
    { url = "https://files.pythonhosted.org/packages/1e/93/0952f2ed8db3a5a4c7a11f91965d6184ebc8cd7cbb7941a260d5f018cd2d/pillow-11.3.0-cp313-cp313-ios_13_0_arm64_iphoneos.whl", hash = "sha256:1c627742b539bba4309df89171356fcb3cc5a9178355b2727d1b74a6cf155fbd", size = 2128328 },
    { url = "https://files.pythonhosted.org/packages/4b/e8/100c3d114b1a0bf4042f27e0f87d2f25e857e838034e98ca98fe7b8c0a9c/pillow-11.3.0-cp313-cp313-ios_13_0_arm64_iphonesimulator.whl", hash = "sha256:30b7c02f3899d10f13d7a48163c8969e4e653f8b43416d23d13d1bbfdc93b9f8", size = 2170652 },
    { url = "https://files.pythonhosted.org/packages/aa/86/3f758a28a6e381758545f7cdb4942e1cb79abd271bea932998fc0db93cb6/pillow-11.3.0-cp313-cp313-ios_13_0_x86_64_iphonesimulator.whl", hash = "sha256:7859a4cc7c9295f5838015d8cc0a9c215b77e43d07a25e460f35cf516df8626f", size = 2227443 },
    { url = "https://files.pythonhosted.org/packages/01/f4/91d5b3ffa718df2f53b0dc109877993e511f4fd055d7e9508682e8aba092/pillow-11.3.0-cp313-cp313-macosx_10_13_x86_64.whl", hash = "sha256:ec1ee50470b0d050984394423d96325b744d55c701a439d2bd66089bff963d3c", size = 5278474 },
    { url = "https://files.pythonhosted.org/packages/f9/0e/37d7d3eca6c879fbd9dba21268427dffda1ab00d4eb05b32923d4fbe3b12/pillow-11.3.0-cp313-cp313-macosx_11_0_arm64.whl", hash = "sha256:7db51d222548ccfd274e4572fdbf3e810a5e66b00608862f947b163e613b67dd", size = 4686038 },
    { url = "https://files.pythonhosted.org/packages/ff/b0/3426e5c7f6565e752d81221af9d3676fdbb4f352317ceafd42899aaf5d8a/pillow-11.3.0-cp313-cp313-manylinux2014_aarch64.manylinux_2_17_aarch64.whl", hash = "sha256:2d6fcc902a24ac74495df63faad1884282239265c6839a0a6416d33faedfae7e", size = 5864407 },
    { url = "https://files.pythonhosted.org/packages/fc/c1/c6c423134229f2a221ee53f838d4be9d82bab86f7e2f8e75e47b6bf6cd77/pillow-11.3.0-cp313-cp313-manylinux2014_x86_64.manylinux_2_17_x86_64.whl", hash = "sha256:f0f5d8f4a08090c6d6d578351a2b91acf519a54986c055af27e7a93feae6d3f1", size = 7639094 },
    { url = "https://files.pythonhosted.org/packages/ba/c9/09e6746630fe6372c67c648ff9deae52a2bc20897d51fa293571977ceb5d/pillow-11.3.0-cp313-cp313-manylinux_2_27_aarch64.manylinux_2_28_aarch64.whl", hash = "sha256:c37d8ba9411d6003bba9e518db0db0c58a680ab9fe5179f040b0463644bc9805", size = 5973503 },
    { url = "https://files.pythonhosted.org/packages/d5/1c/a2a29649c0b1983d3ef57ee87a66487fdeb45132df66ab30dd37f7dbe162/pillow-11.3.0-cp313-cp313-manylinux_2_27_x86_64.manylinux_2_28_x86_64.whl", hash = "sha256:13f87d581e71d9189ab21fe0efb5a23e9f28552d5be6979e84001d3b8505abe8", size = 6642574 },
    { url = "https://files.pythonhosted.org/packages/36/de/d5cc31cc4b055b6c6fd990e3e7f0f8aaf36229a2698501bcb0cdf67c7146/pillow-11.3.0-cp313-cp313-musllinux_1_2_aarch64.whl", hash = "sha256:023f6d2d11784a465f09fd09a34b150ea4672e85fb3d05931d89f373ab14abb2", size = 6084060 },
    { url = "https://files.pythonhosted.org/packages/d5/ea/502d938cbaeec836ac28a9b730193716f0114c41325db428e6b280513f09/pillow-11.3.0-cp313-cp313-musllinux_1_2_x86_64.whl", hash = "sha256:45dfc51ac5975b938e9809451c51734124e73b04d0f0ac621649821a63852e7b", size = 6721407 },
    { url = "https://files.pythonhosted.org/packages/45/9c/9c5e2a73f125f6cbc59cc7087c8f2d649a7ae453f83bd0362ff7c9e2aee2/pillow-11.3.0-cp313-cp313-win32.whl", hash = "sha256:a4d336baed65d50d37b88ca5b60c0fa9d81e3a87d4a7930d3880d1624d5b31f3", size = 6273841 },
    { url = "https://files.pythonhosted.org/packages/23/85/397c73524e0cd212067e0c969aa245b01d50183439550d24d9f55781b776/pillow-11.3.0-cp313-cp313-win_amd64.whl", hash = "sha256:0bce5c4fd0921f99d2e858dc4d4d64193407e1b99478bc5cacecba2311abde51", size = 6978450 },
    { url = "https://files.pythonhosted.org/packages/17/d2/622f4547f69cd173955194b78e4d19ca4935a1b0f03a302d655c9f6aae65/pillow-11.3.0-cp313-cp313-win_arm64.whl", hash = "sha256:1904e1264881f682f02b7f8167935cce37bc97db457f8e7849dc3a6a52b99580", size = 2423055 },
    { url = "https://files.pythonhosted.org/packages/dd/80/a8a2ac21dda2e82480852978416cfacd439a4b490a501a288ecf4fe2532d/pillow-11.3.0-cp313-cp313t-macosx_10_13_x86_64.whl", hash = "sha256:4c834a3921375c48ee6b9624061076bc0a32a60b5532b322cc0ea64e639dd50e", size = 5281110 },
    { url = "https://files.pythonhosted.org/packages/44/d6/b79754ca790f315918732e18f82a8146d33bcd7f4494380457ea89eb883d/pillow-11.3.0-cp313-cp313t-macosx_11_0_arm64.whl", hash = "sha256:5e05688ccef30ea69b9317a9ead994b93975104a677a36a8ed8106be9260aa6d", size = 4689547 },
    { url = "https://files.pythonhosted.org/packages/49/20/716b8717d331150cb00f7fdd78169c01e8e0c219732a78b0e59b6bdb2fd6/pillow-11.3.0-cp313-cp313t-manylinux2014_aarch64.manylinux_2_17_aarch64.whl", hash = "sha256:1019b04af07fc0163e2810167918cb5add8d74674b6267616021ab558dc98ced", size = 5901554 },
    { url = "https://files.pythonhosted.org/packages/74/cf/a9f3a2514a65bb071075063a96f0a5cf949c2f2fce683c15ccc83b1c1cab/pillow-11.3.0-cp313-cp313t-manylinux2014_x86_64.manylinux_2_17_x86_64.whl", hash = "sha256:f944255db153ebb2b19c51fe85dd99ef0ce494123f21b9db4877ffdfc5590c7c", size = 7669132 },
    { url = "https://files.pythonhosted.org/packages/98/3c/da78805cbdbee9cb43efe8261dd7cc0b4b93f2ac79b676c03159e9db2187/pillow-11.3.0-cp313-cp313t-manylinux_2_27_aarch64.manylinux_2_28_aarch64.whl", hash = "sha256:1f85acb69adf2aaee8b7da124efebbdb959a104db34d3a2cb0f3793dbae422a8", size = 6005001 },
    { url = "https://files.pythonhosted.org/packages/6c/fa/ce044b91faecf30e635321351bba32bab5a7e034c60187fe9698191aef4f/pillow-11.3.0-cp313-cp313t-manylinux_2_27_x86_64.manylinux_2_28_x86_64.whl", hash = "sha256:05f6ecbeff5005399bb48d198f098a9b4b6bdf27b8487c7f38ca16eeb070cd59", size = 6668814 },
    { url = "https://files.pythonhosted.org/packages/7b/51/90f9291406d09bf93686434f9183aba27b831c10c87746ff49f127ee80cb/pillow-11.3.0-cp313-cp313t-musllinux_1_2_aarch64.whl", hash = "sha256:a7bc6e6fd0395bc052f16b1a8670859964dbd7003bd0af2ff08342eb6e442cfe", size = 6113124 },
    { url = "https://files.pythonhosted.org/packages/cd/5a/6fec59b1dfb619234f7636d4157d11fb4e196caeee220232a8d2ec48488d/pillow-11.3.0-cp313-cp313t-musllinux_1_2_x86_64.whl", hash = "sha256:83e1b0161c9d148125083a35c1c5a89db5b7054834fd4387499e06552035236c", size = 6747186 },
    { url = "https://files.pythonhosted.org/packages/49/6b/00187a044f98255225f172de653941e61da37104a9ea60e4f6887717e2b5/pillow-11.3.0-cp313-cp313t-win32.whl", hash = "sha256:2a3117c06b8fb646639dce83694f2f9eac405472713fcb1ae887469c0d4f6788", size = 6277546 },
    { url = "https://files.pythonhosted.org/packages/e8/5c/6caaba7e261c0d75bab23be79f1d06b5ad2a2ae49f028ccec801b0e853d6/pillow-11.3.0-cp313-cp313t-win_amd64.whl", hash = "sha256:857844335c95bea93fb39e0fa2726b4d9d758850b34075a7e3ff4f4fa3aa3b31", size = 6985102 },
    { url = "https://files.pythonhosted.org/packages/f3/7e/b623008460c09a0cb38263c93b828c666493caee2eb34ff67f778b87e58c/pillow-11.3.0-cp313-cp313t-win_arm64.whl", hash = "sha256:8797edc41f3e8536ae4b10897ee2f637235c94f27404cac7297f7b607dd0716e", size = 2424803 },
    { url = "https://files.pythonhosted.org/packages/73/f4/04905af42837292ed86cb1b1dabe03dce1edc008ef14c473c5c7e1443c5d/pillow-11.3.0-cp314-cp314-macosx_10_13_x86_64.whl", hash = "sha256:d9da3df5f9ea2a89b81bb6087177fb1f4d1c7146d583a3fe5c672c0d94e55e12", size = 5278520 },
    { url = "https://files.pythonhosted.org/packages/41/b0/33d79e377a336247df6348a54e6d2a2b85d644ca202555e3faa0cf811ecc/pillow-11.3.0-cp314-cp314-macosx_11_0_arm64.whl", hash = "sha256:0b275ff9b04df7b640c59ec5a3cb113eefd3795a8df80bac69646ef699c6981a", size = 4686116 },
    { url = "https://files.pythonhosted.org/packages/49/2d/ed8bc0ab219ae8768f529597d9509d184fe8a6c4741a6864fea334d25f3f/pillow-11.3.0-cp314-cp314-manylinux2014_aarch64.manylinux_2_17_aarch64.whl", hash = "sha256:0743841cabd3dba6a83f38a92672cccbd69af56e3e91777b0ee7f4dba4385632", size = 5864597 },
    { url = "https://files.pythonhosted.org/packages/b5/3d/b932bb4225c80b58dfadaca9d42d08d0b7064d2d1791b6a237f87f661834/pillow-11.3.0-cp314-cp314-manylinux2014_x86_64.manylinux_2_17_x86_64.whl", hash = "sha256:2465a69cf967b8b49ee1b96d76718cd98c4e925414ead59fdf75cf0fd07df673", size = 7638246 },
    { url = "https://files.pythonhosted.org/packages/09/b5/0487044b7c096f1b48f0d7ad416472c02e0e4bf6919541b111efd3cae690/pillow-11.3.0-cp314-cp314-manylinux_2_27_aarch64.manylinux_2_28_aarch64.whl", hash = "sha256:41742638139424703b4d01665b807c6468e23e699e8e90cffefe291c5832b027", size = 5973336 },
    { url = "https://files.pythonhosted.org/packages/a8/2d/524f9318f6cbfcc79fbc004801ea6b607ec3f843977652fdee4857a7568b/pillow-11.3.0-cp314-cp314-manylinux_2_27_x86_64.manylinux_2_28_x86_64.whl", hash = "sha256:93efb0b4de7e340d99057415c749175e24c8864302369e05914682ba642e5d77", size = 6642699 },
    { url = "https://files.pythonhosted.org/packages/6f/d2/a9a4f280c6aefedce1e8f615baaa5474e0701d86dd6f1dede66726462bbd/pillow-11.3.0-cp314-cp314-musllinux_1_2_aarch64.whl", hash = "sha256:7966e38dcd0fa11ca390aed7c6f20454443581d758242023cf36fcb319b1a874", size = 6083789 },
    { url = "https://files.pythonhosted.org/packages/fe/54/86b0cd9dbb683a9d5e960b66c7379e821a19be4ac5810e2e5a715c09a0c0/pillow-11.3.0-cp314-cp314-musllinux_1_2_x86_64.whl", hash = "sha256:98a9afa7b9007c67ed84c57c9e0ad86a6000da96eaa638e4f8abe5b65ff83f0a", size = 6720386 },
    { url = "https://files.pythonhosted.org/packages/e7/95/88efcaf384c3588e24259c4203b909cbe3e3c2d887af9e938c2022c9dd48/pillow-11.3.0-cp314-cp314-win32.whl", hash = "sha256:02a723e6bf909e7cea0dac1b0e0310be9d7650cd66222a5f1c571455c0a45214", size = 6370911 },
    { url = "https://files.pythonhosted.org/packages/2e/cc/934e5820850ec5eb107e7b1a72dd278140731c669f396110ebc326f2a503/pillow-11.3.0-cp314-cp314-win_amd64.whl", hash = "sha256:a418486160228f64dd9e9efcd132679b7a02a5f22c982c78b6fc7dab3fefb635", size = 7117383 },
    { url = "https://files.pythonhosted.org/packages/d6/e9/9c0a616a71da2a5d163aa37405e8aced9a906d574b4a214bede134e731bc/pillow-11.3.0-cp314-cp314-win_arm64.whl", hash = "sha256:155658efb5e044669c08896c0c44231c5e9abcaadbc5cd3648df2f7c0b96b9a6", size = 2511385 },
    { url = "https://files.pythonhosted.org/packages/1a/33/c88376898aff369658b225262cd4f2659b13e8178e7534df9e6e1fa289f6/pillow-11.3.0-cp314-cp314t-macosx_10_13_x86_64.whl", hash = "sha256:59a03cdf019efbfeeed910bf79c7c93255c3d54bc45898ac2a4140071b02b4ae", size = 5281129 },
    { url = "https://files.pythonhosted.org/packages/1f/70/d376247fb36f1844b42910911c83a02d5544ebd2a8bad9efcc0f707ea774/pillow-11.3.0-cp314-cp314t-macosx_11_0_arm64.whl", hash = "sha256:f8a5827f84d973d8636e9dc5764af4f0cf2318d26744b3d902931701b0d46653", size = 4689580 },
    { url = "https://files.pythonhosted.org/packages/eb/1c/537e930496149fbac69efd2fc4329035bbe2e5475b4165439e3be9cb183b/pillow-11.3.0-cp314-cp314t-manylinux2014_aarch64.manylinux_2_17_aarch64.whl", hash = "sha256:ee92f2fd10f4adc4b43d07ec5e779932b4eb3dbfbc34790ada5a6669bc095aa6", size = 5902860 },
    { url = "https://files.pythonhosted.org/packages/bd/57/80f53264954dcefeebcf9dae6e3eb1daea1b488f0be8b8fef12f79a3eb10/pillow-11.3.0-cp314-cp314t-manylinux2014_x86_64.manylinux_2_17_x86_64.whl", hash = "sha256:c96d333dcf42d01f47b37e0979b6bd73ec91eae18614864622d9b87bbd5bbf36", size = 7670694 },
    { url = "https://files.pythonhosted.org/packages/70/ff/4727d3b71a8578b4587d9c276e90efad2d6fe0335fd76742a6da08132e8c/pillow-11.3.0-cp314-cp314t-manylinux_2_27_aarch64.manylinux_2_28_aarch64.whl", hash = "sha256:4c96f993ab8c98460cd0c001447bff6194403e8b1d7e149ade5f00594918128b", size = 6005888 },
    { url = "https://files.pythonhosted.org/packages/05/ae/716592277934f85d3be51d7256f3636672d7b1abfafdc42cf3f8cbd4b4c8/pillow-11.3.0-cp314-cp314t-manylinux_2_27_x86_64.manylinux_2_28_x86_64.whl", hash = "sha256:41342b64afeba938edb034d122b2dda5db2139b9a4af999729ba8818e0056477", size = 6670330 },
    { url = "https://files.pythonhosted.org/packages/e7/bb/7fe6cddcc8827b01b1a9766f5fdeb7418680744f9082035bdbabecf1d57f/pillow-11.3.0-cp314-cp314t-musllinux_1_2_aarch64.whl", hash = "sha256:068d9c39a2d1b358eb9f245ce7ab1b5c3246c7c8c7d9ba58cfa5b43146c06e50", size = 6114089 },
    { url = "https://files.pythonhosted.org/packages/8b/f5/06bfaa444c8e80f1a8e4bff98da9c83b37b5be3b1deaa43d27a0db37ef84/pillow-11.3.0-cp314-cp314t-musllinux_1_2_x86_64.whl", hash = "sha256:a1bc6ba083b145187f648b667e05a2534ecc4b9f2784c2cbe3089e44868f2b9b", size = 6748206 },
    { url = "https://files.pythonhosted.org/packages/f0/77/bc6f92a3e8e6e46c0ca78abfffec0037845800ea38c73483760362804c41/pillow-11.3.0-cp314-cp314t-win32.whl", hash = "sha256:118ca10c0d60b06d006be10a501fd6bbdfef559251ed31b794668ed569c87e12", size = 6377370 },
    { url = "https://files.pythonhosted.org/packages/4a/82/3a721f7d69dca802befb8af08b7c79ebcab461007ce1c18bd91a5d5896f9/pillow-11.3.0-cp314-cp314t-win_amd64.whl", hash = "sha256:8924748b688aa210d79883357d102cd64690e56b923a186f35a82cbc10f997db", size = 7121500 },
    { url = "https://files.pythonhosted.org/packages/89/c7/5572fa4a3f45740eaab6ae86fcdf7195b55beac1371ac8c619d880cfe948/pillow-11.3.0-cp314-cp314t-win_arm64.whl", hash = "sha256:79ea0d14d3ebad43ec77ad5272e6ff9bba5b679ef73375ea760261207fa8e0aa", size = 2512835 },
]

[[package]]
name = "pluggy"
version = "1.6.0"
source = { registry = "https://pypi.org/simple" }
sdist = { url = "https://files.pythonhosted.org/packages/f9/e2/3e91f31a7d2b083fe6ef3fa267035b518369d9511ffab804f839851d2779/pluggy-1.6.0.tar.gz", hash = "sha256:7dcc130b76258d33b90f61b658791dede3486c3e6bfb003ee5c9bfb396dd22f3", size = 69412 }
wheels = [
    { url = "https://files.pythonhosted.org/packages/54/20/4d324d65cc6d9205fabedc306948156824eb9f0ee1633355a8f7ec5c66bf/pluggy-1.6.0-py3-none-any.whl", hash = "sha256:e920276dd6813095e9377c0bc5566d94c932c33b27a3e3945d8389c374dd4746", size = 20538 },
]

[[package]]
name = "psycopg2"
version = "2.9.10"
source = { registry = "https://pypi.org/simple" }
sdist = { url = "https://files.pythonhosted.org/packages/62/51/2007ea29e605957a17ac6357115d0c1a1b60c8c984951c19419b3474cdfd/psycopg2-2.9.10.tar.gz", hash = "sha256:12ec0b40b0273f95296233e8750441339298e6a572f7039da5b260e3c8b60e11", size = 385672 }
wheels = [
    { url = "https://files.pythonhosted.org/packages/3d/16/4623fad6076448df21c1a870c93a9774ad8a7b4dd1660223b59082dd8fec/psycopg2-2.9.10-cp312-cp312-win32.whl", hash = "sha256:65a63d7ab0e067e2cdb3cf266de39663203d38d6a8ed97f5ca0cb315c73fe067", size = 1025113 },
    { url = "https://files.pythonhosted.org/packages/66/de/baed128ae0fc07460d9399d82e631ea31a1f171c0c4ae18f9808ac6759e3/psycopg2-2.9.10-cp312-cp312-win_amd64.whl", hash = "sha256:4a579d6243da40a7b3182e0430493dbd55950c493d8c68f4eec0b302f6bbf20e", size = 1163951 },
    { url = "https://files.pythonhosted.org/packages/ae/49/a6cfc94a9c483b1fa401fbcb23aca7892f60c7269c5ffa2ac408364f80dc/psycopg2-2.9.10-cp313-cp313-win_amd64.whl", hash = "sha256:91fd603a2155da8d0cfcdbf8ab24a2d54bca72795b90d2a3ed2b6da8d979dee2", size = 2569060 },
]

[[package]]
name = "pygments"
version = "2.19.2"
source = { registry = "https://pypi.org/simple" }
sdist = { url = "https://files.pythonhosted.org/packages/b0/77/a5b8c569bf593b0140bde72ea885a803b82086995367bf2037de0159d924/pygments-2.19.2.tar.gz", hash = "sha256:636cb2477cec7f8952536970bc533bc43743542f70392ae026374600add5b887", size = 4968631 }
wheels = [
    { url = "https://files.pythonhosted.org/packages/c7/21/705964c7812476f378728bdf590ca4b771ec72385c533964653c68e86bdc/pygments-2.19.2-py3-none-any.whl", hash = "sha256:86540386c03d588bb81d44bc3928634ff26449851e99741617ecb9037ee5ec0b", size = 1225217 },
]

[[package]]
name = "pytest"
version = "8.4.1"
source = { registry = "https://pypi.org/simple" }
dependencies = [
    { name = "colorama", marker = "sys_platform == 'win32'" },
    { name = "iniconfig" },
    { name = "packaging" },
    { name = "pluggy" },
    { name = "pygments" },
]
sdist = { url = "https://files.pythonhosted.org/packages/08/ba/45911d754e8eba3d5a841a5ce61a65a685ff1798421ac054f85aa8747dfb/pytest-8.4.1.tar.gz", hash = "sha256:7c67fd69174877359ed9371ec3af8a3d2b04741818c51e5e99cc1742251fa93c", size = 1517714 }
wheels = [
    { url = "https://files.pythonhosted.org/packages/29/16/c8a903f4c4dffe7a12843191437d7cd8e32751d5de349d45d3fe69544e87/pytest-8.4.1-py3-none-any.whl", hash = "sha256:539c70ba6fcead8e78eebbf1115e8b589e7565830d7d006a8723f19ac8a0afb7", size = 365474 },
]

[[package]]
name = "pytest-cov"
version = "6.2.1"
source = { registry = "https://pypi.org/simple" }
dependencies = [
    { name = "coverage" },
    { name = "pluggy" },
    { name = "pytest" },
]
sdist = { url = "https://files.pythonhosted.org/packages/18/99/668cade231f434aaa59bbfbf49469068d2ddd945000621d3d165d2e7dd7b/pytest_cov-6.2.1.tar.gz", hash = "sha256:25cc6cc0a5358204b8108ecedc51a9b57b34cc6b8c967cc2c01a4e00d8a67da2", size = 69432 }
wheels = [
    { url = "https://files.pythonhosted.org/packages/bc/16/4ea354101abb1287856baa4af2732be351c7bee728065aed451b678153fd/pytest_cov-6.2.1-py3-none-any.whl", hash = "sha256:f5bc4c23f42f1cdd23c70b1dab1bbaef4fc505ba950d53e0081d0730dd7e86d5", size = 24644 },
]

[[package]]
name = "pytest-django"
version = "4.11.1"
source = { registry = "https://pypi.org/simple" }
dependencies = [
    { name = "pytest" },
]
sdist = { url = "https://files.pythonhosted.org/packages/b1/fb/55d580352db26eb3d59ad50c64321ddfe228d3d8ac107db05387a2fadf3a/pytest_django-4.11.1.tar.gz", hash = "sha256:a949141a1ee103cb0e7a20f1451d355f83f5e4a5d07bdd4dcfdd1fd0ff227991", size = 86202 }
wheels = [
    { url = "https://files.pythonhosted.org/packages/be/ac/bd0608d229ec808e51a21044f3f2f27b9a37e7a0ebaca7247882e67876af/pytest_django-4.11.1-py3-none-any.whl", hash = "sha256:1b63773f648aa3d8541000c26929c1ea63934be1cfa674c76436966d73fe6a10", size = 25281 },
]

[[package]]
name = "pytest-mock"
version = "3.14.1"
source = { registry = "https://pypi.org/simple" }
dependencies = [
    { name = "pytest" },
]
sdist = { url = "https://files.pythonhosted.org/packages/71/28/67172c96ba684058a4d24ffe144d64783d2a270d0af0d9e792737bddc75c/pytest_mock-3.14.1.tar.gz", hash = "sha256:159e9edac4c451ce77a5cdb9fc5d1100708d2dd4ba3c3df572f14097351af80e", size = 33241 }
wheels = [
    { url = "https://files.pythonhosted.org/packages/b2/05/77b60e520511c53d1c1ca75f1930c7dd8e971d0c4379b7f4b3f9644685ba/pytest_mock-3.14.1-py3-none-any.whl", hash = "sha256:178aefcd11307d874b4cd3100344e7e2d888d9791a6a1d9bfe90fbc1b74fd1d0", size = 9923 },
]

[[package]]
name = "python-dotenv"
version = "1.1.1"
source = { registry = "https://pypi.org/simple" }
sdist = { url = "https://files.pythonhosted.org/packages/f6/b0/4bc07ccd3572a2f9df7e6782f52b0c6c90dcbb803ac4a167702d7d0dfe1e/python_dotenv-1.1.1.tar.gz", hash = "sha256:a8a6399716257f45be6a007360200409fce5cda2661e3dec71d23dc15f6189ab", size = 41978 }
wheels = [
    { url = "https://files.pythonhosted.org/packages/5f/ed/539768cf28c661b5b068d66d96a2f155c4971a5d55684a514c1a0e0dec2f/python_dotenv-1.1.1-py3-none-any.whl", hash = "sha256:31f23644fe2602f88ff55e1f5c79ba497e01224ee7737937930c448e4d0e24dc", size = 20556 },
]

[[package]]
name = "sqlparse"
version = "0.5.3"
source = { registry = "https://pypi.org/simple" }
sdist = { url = "https://files.pythonhosted.org/packages/e5/40/edede8dd6977b0d3da179a342c198ed100dd2aba4be081861ee5911e4da4/sqlparse-0.5.3.tar.gz", hash = "sha256:09f67787f56a0b16ecdbde1bfc7f5d9c3371ca683cfeaa8e6ff60b4807ec9272", size = 84999 }
wheels = [
    { url = "https://files.pythonhosted.org/packages/a9/5c/bfd6bd0bf979426d405cc6e71eceb8701b148b16c21d2dc3c261efc61c7b/sqlparse-0.5.3-py3-none-any.whl", hash = "sha256:cf2196ed3418f3ba5de6af7e82c694a9fbdbfecccdfc72e281548517081f16ca", size = 44415 },
]

[[package]]
name = "types-pyyaml"
version = "6.0.12.20250516"
source = { registry = "https://pypi.org/simple" }
sdist = { url = "https://files.pythonhosted.org/packages/4e/22/59e2aeb48ceeee1f7cd4537db9568df80d62bdb44a7f9e743502ea8aab9c/types_pyyaml-6.0.12.20250516.tar.gz", hash = "sha256:9f21a70216fc0fa1b216a8176db5f9e0af6eb35d2f2932acb87689d03a5bf6ba", size = 17378 }
wheels = [
    { url = "https://files.pythonhosted.org/packages/99/5f/e0af6f7f6a260d9af67e1db4f54d732abad514252a7a378a6c4d17dd1036/types_pyyaml-6.0.12.20250516-py3-none-any.whl", hash = "sha256:8478208feaeb53a34cb5d970c56a7cd76b72659442e733e268a94dc72b2d0530", size = 20312 },
]

[[package]]
name = "typing-extensions"
version = "4.14.1"
source = { registry = "https://pypi.org/simple" }
sdist = { url = "https://files.pythonhosted.org/packages/98/5a/da40306b885cc8c09109dc2e1abd358d5684b1425678151cdaed4731c822/typing_extensions-4.14.1.tar.gz", hash = "sha256:38b39f4aeeab64884ce9f74c94263ef78f3c22467c8724005483154c26648d36", size = 107673 }
wheels = [
    { url = "https://files.pythonhosted.org/packages/b5/00/d631e67a838026495268c2f6884f3711a15a9a2a96cd244fdaea53b823fb/typing_extensions-4.14.1-py3-none-any.whl", hash = "sha256:d1e1e3b58374dc93031d6eda2420a48ea44a36c2b4766a4fdeb3710755731d76", size = 43906 },
]

[[package]]
name = "tzdata"
version = "2025.2"
source = { registry = "https://pypi.org/simple" }
sdist = { url = "https://files.pythonhosted.org/packages/95/32/1a225d6164441be760d75c2c42e2780dc0873fe382da3e98a2e1e48361e5/tzdata-2025.2.tar.gz", hash = "sha256:b60a638fcc0daffadf82fe0f57e53d06bdec2f36c4df66280ae79bce6bd6f2b9", size = 196380 }
wheels = [
    { url = "https://files.pythonhosted.org/packages/5c/23/c7abc0ca0a1526a0774eca151daeb8de62ec457e77262b66b359c3c7679e/tzdata-2025.2-py2.py3-none-any.whl", hash = "sha256:1a403fada01ff9221ca8044d701868fa132215d84beb92242d9acd2147f667a8", size = 347839 },
]
